
Microsoft Visual Studio Solution File, Format Version 12.00
# Visual Studio Version 17
VisualStudioVersion = 17.3.32901.215
MinimumVisualStudioVersion = 10.0.40219.1
Project("{FAE04EC0-301F-11D3-BF4B-00C04F79EFBC}") = "Singlly_linked_list", "Singlly_linked_list\Singlly_linked_list.csproj", "{F49229F9-B01B-4BE6-AFAA-E8619A141478}"
EndProject
Global
	GlobalSection(SolutionConfigurationPlatforms) = preSolution
		Debug|Any CPU = Debug|Any CPU
		Release|Any CPU = Release|Any CPU
	EndGlobalSection
	GlobalSection(ProjectConfigurationPlatforms) = postSolution
		{F49229F9-B01B-4BE6-AFAA-E8619A141478}.Debug|Any CPU.ActiveCfg = Debug|Any CPU
		{F49229F9-B01B-4BE6-AFAA-E8619A141478}.Debug|Any CPU.Build.0 = Debug|Any CPU
		{F49229F9-B01B-4BE6-AFAA-E8619A141478}.Release|Any CPU.ActiveCfg = Release|Any CPU
		{F49229F9-B01B-4BE6-AFAA-E8619A141478}.Release|Any CPU.Build.0 = Release|Any CPU
	EndGlobalSection
	GlobalSection(SolutionProperties) = preSolution
		HideSolutionNode = FALSE
	EndGlobalSection
	GlobalSection(ExtensibilityGlobals) = postSolution
		SolutionGuid = {9D6F39A0-92A9-487A-B728-BFD7246A9ED1}
	EndGlobalSection
EndGlobal
